
Microsoft Visual Studio Solution File, Format Version 12.00
# Visual Studio 14
VisualStudioVersion = 14.0.25420.1
MinimumVisualStudioVersion = 10.0.40219.1
Project("{E24C65DC-7377-472B-9ABA-BC803B73C61A}") = "SCBuddySite", "..\..\WebSites\SCBuddySite\", "{08C63CBB-3BDA-466F-AEB1-1ED9AE2C942A}"
	ProjectSection(WebsiteProperties) = preProject
		TargetFrameworkMoniker = ".NETFramework,Version%3Dv4.5.2"
		Debug.AspNetCompiler.VirtualPath = "/localhost_41268"
		Debug.AspNetCompiler.PhysicalPath = "..\..\WebSites\SCBuddySite\"
		Debug.AspNetCompiler.TargetPath = "PrecompiledWeb\localhost_41268\"
		Debug.AspNetCompiler.Updateable = "true"
		Debug.AspNetCompiler.ForceOverwrite = "true"
		Debug.AspNetCompiler.FixedNames = "false"
		Debug.AspNetCompiler.Debug = "True"
		Release.AspNetCompiler.VirtualPath = "/localhost_41268"
		Release.AspNetCompiler.PhysicalPath = "..\..\WebSites\SCBuddySite\"
		Release.AspNetCompiler.TargetPath = "PrecompiledWeb\localhost_41268\"
		Release.AspNetCompiler.Updateable = "true"
		Release.AspNetCompiler.ForceOverwrite = "true"
		Release.AspNetCompiler.FixedNames = "false"
		Release.AspNetCompiler.Debug = "False"
		VWDPort = "41268"
		SlnRelativePath = "..\..\WebSites\SCBuddySite\"
		DefaultWebSiteLanguage = "Visual C#"
	EndProjectSection
EndProject
Global
	GlobalSection(SolutionConfigurationPlatforms) = preSolution
		Debug|Any CPU = Debug|Any CPU
	EndGlobalSection
	GlobalSection(ProjectConfigurationPlatforms) = postSolution
		{08C63CBB-3BDA-466F-AEB1-1ED9AE2C942A}.Debug|Any CPU.ActiveCfg = Debug|Any CPU
		{08C63CBB-3BDA-466F-AEB1-1ED9AE2C942A}.Debug|Any CPU.Build.0 = Debug|Any CPU
	EndGlobalSection
	GlobalSection(SolutionProperties) = preSolution
		HideSolutionNode = FALSE
	EndGlobalSection
EndGlobal
